{
  "pins" : [
    {
      "identity" : "simprokmachine-ios",
      "kind" : "remoteSourceControl",
      "location" : "https://github.com/simprok-dev/simprokmachine-ios.git",
      "state" : {
        "revision" : "f20cad2ef8b7139ddfa12a58d2661d4ce6d9efab",
        "version" : "1.2.37"
      }
    }
  ],
  "version" : 2
}
