{
  "pins" : [
    {
      "identity" : "simprokmachine-ios",
      "kind" : "remoteSourceControl",
      "location" : "https://github.com/simprok-dev/simprokmachine-ios.git",
      "state" : {
        "revision" : "19d1013e329feac8e37e047fb98f1b9c49fa93bc",
        "version" : "1.2.1"
      }
    }
  ],
  "version" : 2
}
